
Microsoft Visual Studio Solution File, Format Version 12.00
# Visual Studio Version 17
VisualStudioVersion = 17.13.35828.75 d17.13
MinimumVisualStudioVersion = 10.0.40219.1
Project("{FAE04EC0-301F-11D3-BF4B-00C04F79EFBC}") = "MoopelSuiteSite", "MoopelSuiteSite.csproj", "{0D8D1992-EE78-4221-A9E2-8989F4C82D15}"
EndProject
Global
	GlobalSection(SolutionConfigurationPlatforms) = preSolution
		Debug|Any CPU = Debug|Any CPU
		Release|Any CPU = Release|Any CPU
	EndGlobalSection
	GlobalSection(ProjectConfigurationPlatforms) = postSolution
		{0D8D1992-EE78-4221-A9E2-8989F4C82D15}.Debug|Any CPU.ActiveCfg = Debug|Any CPU
		{0D8D1992-EE78-4221-A9E2-8989F4C82D15}.Debug|Any CPU.Build.0 = Debug|Any CPU
		{0D8D1992-EE78-4221-A9E2-8989F4C82D15}.Release|Any CPU.ActiveCfg = Release|Any CPU
		{0D8D1992-EE78-4221-A9E2-8989F4C82D15}.Release|Any CPU.Build.0 = Release|Any CPU
	EndGlobalSection
	GlobalSection(SolutionProperties) = preSolution
		HideSolutionNode = FALSE
	EndGlobalSection
	GlobalSection(ExtensibilityGlobals) = postSolution
		SolutionGuid = {1C78F510-D671-4302-9948-136CEDCF3BAA}
	EndGlobalSection
EndGlobal
